<Solution>
  <Folder Name="/main/">
    <File Path=".dockerignore" />
    <File Path=".env" />
    <File Path=".gitignore" />
    <File Path="docker-compose.yml" />
    <Project Path="VolosCodex.Application/VolosCodex.Application.csproj" />
    <Project Path="VolosCodex.Domain/VolosCodex.Domain.csproj" />
    <Project Path="VolosCodex.Infrastructure/VolosCodex.Infrastructure.csproj" />
    <Project Path="VolosCodexAPI/VolosCodex.Api.csproj" />
  </Folder>
  <Folder Name="/tests/" />
</Solution>
